
Microsoft Visual Studio Solution File, Format Version 12.00
# Visual Studio 15
VisualStudioVersion = 15.0.27130.2010
MinimumVisualStudioVersion = 10.0.40219.1
Project("{FAE04EC0-301F-11D3-BF4B-00C04F79EFBC}") = "Mirantis.ReportingTool.PL.WebUI", "Mirantis.ReportingToolForInternship.PL.WebUI\Mirantis.ReportingTool.PL.WebUI.csproj", "{69D8484B-CCEB-405B-B993-5317D99BD487}"
EndProject
Project("{FAE04EC0-301F-11D3-BF4B-00C04F79EFBC}") = "Mirantis.ReportingTool.DAL.Contracts", "Mirantis.ReportingToolForInternship.DAL.Contracts\Mirantis.ReportingTool.DAL.Contracts.csproj", "{BAB02513-C05E-4E79-88C7-63DC7F9421B4}"
EndProject
Project("{FAE04EC0-301F-11D3-BF4B-00C04F79EFBC}") = "Mirantis.ReportingTool.Entities", "Mirantis.ReportingToolForInternship.Entities\Mirantis.ReportingTool.Entities.csproj", "{4FFF7831-8D36-48D0-BC0D-40086DAD4465}"
EndProject
Project("{FAE04EC0-301F-11D3-BF4B-00C04F79EFBC}") = "Mirantis.ReportingTool.DAL.DataAccessEF", "Mirantis.ReportingToolForInternship.DAL.DataAccessEF\Mirantis.ReportingTool.DAL.DataAccessEF.csproj", "{4A59AECF-4571-4F7B-82C0-EC3D04C351D6}"
EndProject
Project("{FAE04EC0-301F-11D3-BF4B-00C04F79EFBC}") = "Mirantis.ReportingTool.BLL.Contracts", "Mirantis.ReportingToolForInternship.BLL.Contracts\Mirantis.ReportingTool.BLL.Contracts.csproj", "{A0323582-89BF-4256-8436-25A632086091}"
EndProject
Project("{FAE04EC0-301F-11D3-BF4B-00C04F79EFBC}") = "Mirantis.ReportingTool.BLL.Core", "Mirantis.ReportingToolForInternship.BLL.Core\Mirantis.ReportingTool.BLL.Core.csproj", "{A2DC545D-7E5E-4F1D-95DA-6B949279CD52}"
EndProject
Project("{FAE04EC0-301F-11D3-BF4B-00C04F79EFBC}") = "Mirantis.ReportingTool.UnitTests.NUnit", "Mirantis.ReportingToolForInternship.UnitTests.NUnit\Mirantis.ReportingTool.UnitTests.NUnit.csproj", "{E6C3C0E6-AA63-48F2-B191-E58F1F98F5FA}"
EndProject
Project("{FAE04EC0-301F-11D3-BF4B-00C04F79EFBC}") = "Mirantis.ReportingTool.DAL.DataAccessService", "Mirantis.ReportingToolForInternship.DAL.DataAccessService\Mirantis.ReportingTool.DAL.DataAccessService.csproj", "{1C796185-116C-462D-8A18-9F1F9E8F1246}"
EndProject
Project("{FAE04EC0-301F-11D3-BF4B-00C04F79EFBC}") = "Mirantis.ReportingTool.DAL.DataAccess", "Mirantis.ReportingToolForInternship.DAL.DataAccess\Mirantis.ReportingTool.DAL.DataAccess.csproj", "{0664784E-474F-4656-ABEF-CB18ACE7CC0C}"
EndProject
Project("{FAE04EC0-301F-11D3-BF4B-00C04F79EFBC}") = "Mirantis.ReportingTool.DAL.DataAccessCache", "Mirantis.ReportingToolForInternship.DAL.DataAccessCache\Mirantis.ReportingTool.DAL.DataAccessCache.csproj", "{F3993DD6-C76F-4FC4-808C-B1A47E44E493}"
EndProject
Global
	GlobalSection(SolutionConfigurationPlatforms) = preSolution
		Debug|Any CPU = Debug|Any CPU
		Release|Any CPU = Release|Any CPU
	EndGlobalSection
	GlobalSection(ProjectConfigurationPlatforms) = postSolution
		{69D8484B-CCEB-405B-B993-5317D99BD487}.Debug|Any CPU.ActiveCfg = Debug|Any CPU
		{69D8484B-CCEB-405B-B993-5317D99BD487}.Debug|Any CPU.Build.0 = Debug|Any CPU
		{69D8484B-CCEB-405B-B993-5317D99BD487}.Release|Any CPU.ActiveCfg = Release|Any CPU
		{69D8484B-CCEB-405B-B993-5317D99BD487}.Release|Any CPU.Build.0 = Release|Any CPU
		{BAB02513-C05E-4E79-88C7-63DC7F9421B4}.Debug|Any CPU.ActiveCfg = Debug|Any CPU
		{BAB02513-C05E-4E79-88C7-63DC7F9421B4}.Debug|Any CPU.Build.0 = Debug|Any CPU
		{BAB02513-C05E-4E79-88C7-63DC7F9421B4}.Release|Any CPU.ActiveCfg = Release|Any CPU
		{BAB02513-C05E-4E79-88C7-63DC7F9421B4}.Release|Any CPU.Build.0 = Release|Any CPU
		{4FFF7831-8D36-48D0-BC0D-40086DAD4465}.Debug|Any CPU.ActiveCfg = Debug|Any CPU
		{4FFF7831-8D36-48D0-BC0D-40086DAD4465}.Debug|Any CPU.Build.0 = Debug|Any CPU
		{4FFF7831-8D36-48D0-BC0D-40086DAD4465}.Release|Any CPU.ActiveCfg = Release|Any CPU
		{4FFF7831-8D36-48D0-BC0D-40086DAD4465}.Release|Any CPU.Build.0 = Release|Any CPU
		{4A59AECF-4571-4F7B-82C0-EC3D04C351D6}.Debug|Any CPU.ActiveCfg = Debug|Any CPU
		{4A59AECF-4571-4F7B-82C0-EC3D04C351D6}.Debug|Any CPU.Build.0 = Debug|Any CPU
		{4A59AECF-4571-4F7B-82C0-EC3D04C351D6}.Release|Any CPU.ActiveCfg = Release|Any CPU
		{4A59AECF-4571-4F7B-82C0-EC3D04C351D6}.Release|Any CPU.Build.0 = Release|Any CPU
		{A0323582-89BF-4256-8436-25A632086091}.Debug|Any CPU.ActiveCfg = Debug|Any CPU
		{A0323582-89BF-4256-8436-25A632086091}.Debug|Any CPU.Build.0 = Debug|Any CPU
		{A0323582-89BF-4256-8436-25A632086091}.Release|Any CPU.ActiveCfg = Release|Any CPU
		{A0323582-89BF-4256-8436-25A632086091}.Release|Any CPU.Build.0 = Release|Any CPU
		{A2DC545D-7E5E-4F1D-95DA-6B949279CD52}.Debug|Any CPU.ActiveCfg = Debug|Any CPU
		{A2DC545D-7E5E-4F1D-95DA-6B949279CD52}.Debug|Any CPU.Build.0 = Debug|Any CPU
		{A2DC545D-7E5E-4F1D-95DA-6B949279CD52}.Release|Any CPU.ActiveCfg = Release|Any CPU
		{A2DC545D-7E5E-4F1D-95DA-6B949279CD52}.Release|Any CPU.Build.0 = Release|Any CPU
		{E6C3C0E6-AA63-48F2-B191-E58F1F98F5FA}.Debug|Any CPU.ActiveCfg = Debug|Any CPU
		{E6C3C0E6-AA63-48F2-B191-E58F1F98F5FA}.Debug|Any CPU.Build.0 = Debug|Any CPU
		{E6C3C0E6-AA63-48F2-B191-E58F1F98F5FA}.Release|Any CPU.ActiveCfg = Release|Any CPU
		{E6C3C0E6-AA63-48F2-B191-E58F1F98F5FA}.Release|Any CPU.Build.0 = Release|Any CPU
		{1C796185-116C-462D-8A18-9F1F9E8F1246}.Debug|Any CPU.ActiveCfg = Debug|Any CPU
		{1C796185-116C-462D-8A18-9F1F9E8F1246}.Debug|Any CPU.Build.0 = Debug|Any CPU
		{1C796185-116C-462D-8A18-9F1F9E8F1246}.Release|Any CPU.ActiveCfg = Release|Any CPU
		{1C796185-116C-462D-8A18-9F1F9E8F1246}.Release|Any CPU.Build.0 = Release|Any CPU
		{0664784E-474F-4656-ABEF-CB18ACE7CC0C}.Debug|Any CPU.ActiveCfg = Debug|Any CPU
		{0664784E-474F-4656-ABEF-CB18ACE7CC0C}.Debug|Any CPU.Build.0 = Debug|Any CPU
		{0664784E-474F-4656-ABEF-CB18ACE7CC0C}.Release|Any CPU.ActiveCfg = Release|Any CPU
		{0664784E-474F-4656-ABEF-CB18ACE7CC0C}.Release|Any CPU.Build.0 = Release|Any CPU
		{F3993DD6-C76F-4FC4-808C-B1A47E44E493}.Debug|Any CPU.ActiveCfg = Debug|Any CPU
		{F3993DD6-C76F-4FC4-808C-B1A47E44E493}.Debug|Any CPU.Build.0 = Debug|Any CPU
		{F3993DD6-C76F-4FC4-808C-B1A47E44E493}.Release|Any CPU.ActiveCfg = Release|Any CPU
		{F3993DD6-C76F-4FC4-808C-B1A47E44E493}.Release|Any CPU.Build.0 = Release|Any CPU
	EndGlobalSection
	GlobalSection(SolutionProperties) = preSolution
		HideSolutionNode = FALSE
	EndGlobalSection
	GlobalSection(ExtensibilityGlobals) = postSolution
		SolutionGuid = {8947672D-318F-4967-BBDB-061B168536ED}
	EndGlobalSection
EndGlobal
